
Microsoft Visual Studio Solution File, Format Version 12.00
# Visual Studio Version 17
VisualStudioVersion = 17.9.34728.123
MinimumVisualStudioVersion = 10.0.40219.1
Project("{FAE04EC0-301F-11D3-BF4B-00C04F79EFBC}") = "WpfApp6", "WpfApp6\WpfApp6.csproj", "{9884E8F0-BC12-4195-B230-A61FB5E474F5}"
EndProject
Global
	GlobalSection(SolutionConfigurationPlatforms) = preSolution
		Debug|Any CPU = Debug|Any CPU
		Release|Any CPU = Release|Any CPU
	EndGlobalSection
	GlobalSection(ProjectConfigurationPlatforms) = postSolution
		{9884E8F0-BC12-4195-B230-A61FB5E474F5}.Debug|Any CPU.ActiveCfg = Debug|Any CPU
		{9884E8F0-BC12-4195-B230-A61FB5E474F5}.Debug|Any CPU.Build.0 = Debug|Any CPU
		{9884E8F0-BC12-4195-B230-A61FB5E474F5}.Release|Any CPU.ActiveCfg = Release|Any CPU
		{9884E8F0-BC12-4195-B230-A61FB5E474F5}.Release|Any CPU.Build.0 = Release|Any CPU
	EndGlobalSection
	GlobalSection(SolutionProperties) = preSolution
		HideSolutionNode = FALSE
	EndGlobalSection
	GlobalSection(ExtensibilityGlobals) = postSolution
		SolutionGuid = {E05D98CA-D94F-4BCE-9B85-778268BB7AF0}
	EndGlobalSection
EndGlobal
